{
    "_meta": {
        "hash": {
            "sha256": "a9ae2e39c2a4aeb35089c6f89d881a705c67cc949fa28d69bb4960eb6f75f79d"
        },
        "pipfile-spec": 6,
        "requires": {
            "python_version": "3.9"
        },
        "sources": [
            {
                "name": "pypi",
                "url": "https://pypi.org/simple",
                "verify_ssl": true
            }
        ]
    },
    "default": {
        "asgiref": {
            "hashes": [
                "sha256:4ef1ab46b484e3c706329cedeff284a5d40824200638503f5768edb6de7d58e9",
                "sha256:ffc141aa908e6f175673e7b1b3b7af4fdb0ecb738fc5c8b88f69f055c2415214"
            ],
            "markers": "python_version >= '3.6'",
            "version": "==3.4.1"
        },
        "django": {
            "hashes": [
                "sha256:3da05fea54fdec2315b54a563d5b59f3b4e2b1e69c3a5841dda35019c01855cd",
                "sha256:c58b5f19c5ae0afe6d75cbdd7df561e6eb929339985dbbda2565e1cabb19a62e"
            ],
            "index": "pypi",
            "version": "==3.2.5"
        },
        "django-classy-tags": {
            "hashes": [
                "sha256:25eb4f95afee396148683bfb4811b83b3f5729218d73ad0a3399271a6f9fcc49",
                "sha256:d59d98bdf96a764dcf7a2929a86439d023b283a9152492811c7e44fc47555bc9"
            ],
            "version": "==2.0.0"
        },
        "django-cms": {
            "hashes": [
                "sha256:6feaa6f3b7f225e08f221cf33d6135a1e268e9b781dae4bf916239c3f54e7b27"
            ],
            "version": "==3.9.0"
        },
        "django-filter": {
            "hashes": [
                "sha256:84e9d5bb93f237e451db814ed422a3a625751cbc9968b484ecc74964a8696b06",
                "sha256:e00d32cebdb3d54273c48f4f878f898dced8d5dfaad009438fe61ebdf535ace1"
            ],
            "index": "pypi",
            "version": "==2.4.0"
        },
        "django-formtools": {
            "hashes": [
                "sha256:4699937e19ee041d803943714fe0c1c7ad4cab802600eb64bbf4cdd0a1bfe7d9",
                "sha256:9663b6eca64777b68d6d4142efad8597fe9a685924673b25aa8a1dcff4db00c3"
            ],
            "markers": "python_version >= '3.6'",
            "version": "==2.3"
        },
        "django-localflavor": {
            "hashes": [
                "sha256:6593865dc671333b3edc88e729e6d384d00b6db7891ef5d3a65db831a40050d2",
                "sha256:ac2fa377bbcba4cae95e97077d9e77c7f22b3d93e4845e2e133ba7e664043a44"
            ],
            "version": "==3.1"
        },
        "django-sekizai": {
            "hashes": [
                "sha256:5c5e16845d37ce822fc655ce79ec02715191b3d03330b550997bcb842cf24fdf",
                "sha256:e829f09b0d6bf01ee5cde05de1fb3faf2fbc5df66dc4dc280fbaac224ca4336f"
            ],
            "version": "==2.0.0"
        },
        "django-theherk-events": {
            "hashes": [
                "sha256:b8245c0d4f1d09a1b9dfc50e96a3b7f1acb449450589d6725e9a74f1df70b76c"
            ],
            "index": "pypi",
            "version": "==1.8.1"
        },
        "django-theherk-resources": {
            "hashes": [
                "sha256:b55a598b2233244d8e72d1d0632f8387da5b48727d6e3ca4ebe59a5bf977edb0"
            ],
            "version": "==1.6.1"
        },
        "django-treebeard": {
            "hashes": [
                "sha256:7c2b1cdb1e9b46d595825186064a1228bc4d00dbbc186db5b0b9412357fba91c",
                "sha256:80150017725239702054e5fa64dc66e383dc13ac262c8d47ee5a82cb005969da"
            ],
            "markers": "python_version >= '3.6'",
            "version": "==4.5.1"
        },
        "djangocms-admin-style": {
            "hashes": [
                "sha256:4381b259b62340127654a51a1eb83af2c9a42b608a36393c731c04712cd37068",
                "sha256:6661a6c36ce56d18ec8fad05a3e56589417fc0bd0c647eb6d336e7f836999723"
            ],
            "version": "==2.0.2"
        },
        "python-stdnum": {
            "hashes": [
                "sha256:2e2c56c548ca166b95547a8d748f4d71320a5b4896960717c8e6380e08d993a5",
                "sha256:4248d898042a801fc4eff96fbfe4bf63a43324854efe3b5534718c1c195c6f43"
            ],
            "version": "==1.16"
        },
        "pytz": {
            "hashes": [
                "sha256:83a4a90894bf38e243cf052c8b58f381bfe9a7a483f6a9cab140bc7f702ac4da",
                "sha256:eb10ce3e7736052ed3623d49975ce333bcd712c7bb19a58b9e2089d4057d0798"
            ],
            "version": "==2021.1"
        },
        "sqlparse": {
            "hashes": [
                "sha256:017cde379adbd6a1f15a61873f43e8274179378e95ef3fede90b5aa64d304ed0",
                "sha256:0f91fd2e829c44362cbcfab3e9ae12e22badaa8a29ad5ff599f9ec109f0454e8"
            ],
            "markers": "python_version >= '3.5'",
            "version": "==0.4.1"
        }
    },
    "develop": {}
}
